
Microsoft Visual Studio Solution File, Format Version 12.00
# Visual Studio 2012
Project("{FAE04EC0-301F-11D3-BF4B-00C04F79EFBC}") = "SignalRLoad", "SignalRLoad\SignalRLoad.csproj", "{A34C870A-BC79-4843-83CF-F47087C86713}"
EndProject
Project("{FAE04EC0-301F-11D3-BF4B-00C04F79EFBC}") = "SignalRLoadUnitTests", "SignalRLoadUnitTests\SignalRLoadUnitTests.csproj", "{2397534F-7BC1-4106-8266-C61B17C1A770}"
EndProject
Global
	GlobalSection(SolutionConfigurationPlatforms) = preSolution
		Debug|Any CPU = Debug|Any CPU
		Release|Any CPU = Release|Any CPU
	EndGlobalSection
	GlobalSection(ProjectConfigurationPlatforms) = postSolution
		{A34C870A-BC79-4843-83CF-F47087C86713}.Debug|Any CPU.ActiveCfg = Debug|Any CPU
		{A34C870A-BC79-4843-83CF-F47087C86713}.Debug|Any CPU.Build.0 = Debug|Any CPU
		{A34C870A-BC79-4843-83CF-F47087C86713}.Release|Any CPU.ActiveCfg = Release|Any CPU
		{A34C870A-BC79-4843-83CF-F47087C86713}.Release|Any CPU.Build.0 = Release|Any CPU
		{2397534F-7BC1-4106-8266-C61B17C1A770}.Debug|Any CPU.ActiveCfg = Debug|Any CPU
		{2397534F-7BC1-4106-8266-C61B17C1A770}.Debug|Any CPU.Build.0 = Debug|Any CPU
		{2397534F-7BC1-4106-8266-C61B17C1A770}.Release|Any CPU.ActiveCfg = Release|Any CPU
		{2397534F-7BC1-4106-8266-C61B17C1A770}.Release|Any CPU.Build.0 = Release|Any CPU
	EndGlobalSection
	GlobalSection(SolutionProperties) = preSolution
		HideSolutionNode = FALSE
	EndGlobalSection
EndGlobal
